
Microsoft Visual Studio Solution File, Format Version 11.00
# Visual Studio 2010
Project("{FAE04EC0-301F-11D3-BF4B-00C04F79EFBC}") = "OhlalaPH", "OhlalaPH\OhlalaPH.csproj", "{28E85E20-C05D-4CD7-8A08-E87E596D54D1}"
EndProject
Project("{FAE04EC0-301F-11D3-BF4B-00C04F79EFBC}") = "OhlalaPH.Tests", "OhlalaPH.Tests\OhlalaPH.Tests.csproj", "{C1E52FB3-0603-4616-A203-8FB5224BDC70}"
EndProject
Global
	GlobalSection(SolutionConfigurationPlatforms) = preSolution
		Debug|Any CPU = Debug|Any CPU
		Release|Any CPU = Release|Any CPU
	EndGlobalSection
	GlobalSection(ProjectConfigurationPlatforms) = postSolution
		{28E85E20-C05D-4CD7-8A08-E87E596D54D1}.Debug|Any CPU.ActiveCfg = Debug|Any CPU
		{28E85E20-C05D-4CD7-8A08-E87E596D54D1}.Debug|Any CPU.Build.0 = Debug|Any CPU
		{28E85E20-C05D-4CD7-8A08-E87E596D54D1}.Release|Any CPU.ActiveCfg = Release|Any CPU
		{28E85E20-C05D-4CD7-8A08-E87E596D54D1}.Release|Any CPU.Build.0 = Release|Any CPU
		{C1E52FB3-0603-4616-A203-8FB5224BDC70}.Debug|Any CPU.ActiveCfg = Debug|Any CPU
		{C1E52FB3-0603-4616-A203-8FB5224BDC70}.Debug|Any CPU.Build.0 = Debug|Any CPU
		{C1E52FB3-0603-4616-A203-8FB5224BDC70}.Release|Any CPU.ActiveCfg = Release|Any CPU
		{C1E52FB3-0603-4616-A203-8FB5224BDC70}.Release|Any CPU.Build.0 = Release|Any CPU
	EndGlobalSection
	GlobalSection(SolutionProperties) = preSolution
		HideSolutionNode = FALSE
	EndGlobalSection
EndGlobal
